
Microsoft Visual Studio Solution File, Format Version 12.00
# Visual Studio 2012
Project("{FAE04EC0-301F-11D3-BF4B-00C04F79EFBC}") = "SwissKnife.Web", "SwissKnife.Web\SwissKnife.Web.csproj", "{26D8BEF9-76F2-47C7-ADD0-8B1B877D3469}"
EndProject
Project("{FAE04EC0-301F-11D3-BF4B-00C04F79EFBC}") = "SwissKnife.Mvc", "SwissKnife.Mvc\SwissKnife.Mvc.csproj", "{88C48C6F-2522-4F6A-8381-BF38395E2776}"
EndProject
Project("{FAE04EC0-301F-11D3-BF4B-00C04F79EFBC}") = "SwissKnife.SignalR", "SwissKnife.SignalR\SwissKnife.SignalR.csproj", "{24113697-8827-4BFE-A20E-50C439F02B51}"
EndProject
Project("{FAE04EC0-301F-11D3-BF4B-00C04F79EFBC}") = "SwissKnife.T4", "SwissKnife.T4\SwissKnife.T4.csproj", "{3F821B40-16DC-4B11-93F3-74F9A4E4015C}"
EndProject
Global
	GlobalSection(SolutionConfigurationPlatforms) = preSolution
		Debug|Any CPU = Debug|Any CPU
		Release|Any CPU = Release|Any CPU
	EndGlobalSection
	GlobalSection(ProjectConfigurationPlatforms) = postSolution
		{26D8BEF9-76F2-47C7-ADD0-8B1B877D3469}.Debug|Any CPU.ActiveCfg = Debug|Any CPU
		{26D8BEF9-76F2-47C7-ADD0-8B1B877D3469}.Debug|Any CPU.Build.0 = Debug|Any CPU
		{26D8BEF9-76F2-47C7-ADD0-8B1B877D3469}.Release|Any CPU.ActiveCfg = Release|Any CPU
		{26D8BEF9-76F2-47C7-ADD0-8B1B877D3469}.Release|Any CPU.Build.0 = Release|Any CPU
		{88C48C6F-2522-4F6A-8381-BF38395E2776}.Debug|Any CPU.ActiveCfg = Debug|Any CPU
		{88C48C6F-2522-4F6A-8381-BF38395E2776}.Debug|Any CPU.Build.0 = Debug|Any CPU
		{88C48C6F-2522-4F6A-8381-BF38395E2776}.Release|Any CPU.ActiveCfg = Release|Any CPU
		{88C48C6F-2522-4F6A-8381-BF38395E2776}.Release|Any CPU.Build.0 = Release|Any CPU
		{24113697-8827-4BFE-A20E-50C439F02B51}.Debug|Any CPU.ActiveCfg = Debug|Any CPU
		{24113697-8827-4BFE-A20E-50C439F02B51}.Debug|Any CPU.Build.0 = Debug|Any CPU
		{24113697-8827-4BFE-A20E-50C439F02B51}.Release|Any CPU.ActiveCfg = Release|Any CPU
		{24113697-8827-4BFE-A20E-50C439F02B51}.Release|Any CPU.Build.0 = Release|Any CPU
		{3F821B40-16DC-4B11-93F3-74F9A4E4015C}.Debug|Any CPU.ActiveCfg = Debug|Any CPU
		{3F821B40-16DC-4B11-93F3-74F9A4E4015C}.Debug|Any CPU.Build.0 = Debug|Any CPU
		{3F821B40-16DC-4B11-93F3-74F9A4E4015C}.Release|Any CPU.ActiveCfg = Release|Any CPU
		{3F821B40-16DC-4B11-93F3-74F9A4E4015C}.Release|Any CPU.Build.0 = Release|Any CPU
	EndGlobalSection
	GlobalSection(SolutionProperties) = preSolution
		HideSolutionNode = FALSE
	EndGlobalSection
EndGlobal
